
Microsoft Visual Studio Solution File, Format Version 12.00
# Visual Studio Version 16
VisualStudioVersion = 16.0.30621.155
MinimumVisualStudioVersion = 10.0.40219.1
Project("{FAE04EC0-301F-11D3-BF4B-00C04F79EFBC}") = "leave-mng", "leave-mng\leave-mng.csproj", "{71B44DEC-F40F-42A1-B02A-80D7CA35827A}"
EndProject
Global
	GlobalSection(SolutionConfigurationPlatforms) = preSolution
		Debug|Any CPU = Debug|Any CPU
		Release|Any CPU = Release|Any CPU
	EndGlobalSection
	GlobalSection(ProjectConfigurationPlatforms) = postSolution
		{71B44DEC-F40F-42A1-B02A-80D7CA35827A}.Debug|Any CPU.ActiveCfg = Debug|Any CPU
		{71B44DEC-F40F-42A1-B02A-80D7CA35827A}.Debug|Any CPU.Build.0 = Debug|Any CPU
		{71B44DEC-F40F-42A1-B02A-80D7CA35827A}.Release|Any CPU.ActiveCfg = Release|Any CPU
		{71B44DEC-F40F-42A1-B02A-80D7CA35827A}.Release|Any CPU.Build.0 = Release|Any CPU
	EndGlobalSection
	GlobalSection(SolutionProperties) = preSolution
		HideSolutionNode = FALSE
	EndGlobalSection
	GlobalSection(ExtensibilityGlobals) = postSolution
		SolutionGuid = {63EAF560-54D5-4934-BFF0-E0032928E91B}
	EndGlobalSection
EndGlobal
